
Microsoft Visual Studio Solution File, Format Version 12.00
# Visual Studio Version 17
VisualStudioVersion = 17.4.33110.190
MinimumVisualStudioVersion = 10.0.40219.1
Project("{9A19103F-16F7-4668-BE54-9A1E7A4F7556}") = "CustomComponents", "CustomComponents\CustomComponents.csproj", "{7E755F55-106A-4F0D-A970-0BA7FC6C5662}"
EndProject
Global
	GlobalSection(SolutionConfigurationPlatforms) = preSolution
		Debug|Any CPU = Debug|Any CPU
		Release|Any CPU = Release|Any CPU
	EndGlobalSection
	GlobalSection(ProjectConfigurationPlatforms) = postSolution
		{7E755F55-106A-4F0D-A970-0BA7FC6C5662}.Debug|Any CPU.ActiveCfg = Debug|Any CPU
		{7E755F55-106A-4F0D-A970-0BA7FC6C5662}.Debug|Any CPU.Build.0 = Debug|Any CPU
		{7E755F55-106A-4F0D-A970-0BA7FC6C5662}.Release|Any CPU.ActiveCfg = Release|Any CPU
		{7E755F55-106A-4F0D-A970-0BA7FC6C5662}.Release|Any CPU.Build.0 = Release|Any CPU
	EndGlobalSection
	GlobalSection(SolutionProperties) = preSolution
		HideSolutionNode = FALSE
	EndGlobalSection
	GlobalSection(ExtensibilityGlobals) = postSolution
		SolutionGuid = {0ABA20CF-3FE3-4EC5-A5E1-E58617BBE483}
	EndGlobalSection
EndGlobal
